
Microsoft Visual Studio Solution File, Format Version 12.00
# Visual Studio Version 16
VisualStudioVersion = 16.0.32126.315
MinimumVisualStudioVersion = 10.0.40219.1
Project("{FAE04EC0-301F-11D3-BF4B-00C04F79EFBC}") = "petClassLab", "petClassLab\petClassLab.csproj", "{2EED4A7F-CD56-4967-B495-1F3BEFB4641D}"
EndProject
Global
	GlobalSection(SolutionConfigurationPlatforms) = preSolution
		Debug|Any CPU = Debug|Any CPU
		Release|Any CPU = Release|Any CPU
	EndGlobalSection
	GlobalSection(ProjectConfigurationPlatforms) = postSolution
		{2EED4A7F-CD56-4967-B495-1F3BEFB4641D}.Debug|Any CPU.ActiveCfg = Debug|Any CPU
		{2EED4A7F-CD56-4967-B495-1F3BEFB4641D}.Debug|Any CPU.Build.0 = Debug|Any CPU
		{2EED4A7F-CD56-4967-B495-1F3BEFB4641D}.Release|Any CPU.ActiveCfg = Release|Any CPU
		{2EED4A7F-CD56-4967-B495-1F3BEFB4641D}.Release|Any CPU.Build.0 = Release|Any CPU
	EndGlobalSection
	GlobalSection(SolutionProperties) = preSolution
		HideSolutionNode = FALSE
	EndGlobalSection
	GlobalSection(ExtensibilityGlobals) = postSolution
		SolutionGuid = {11CB944F-7EC9-49A9-BA9B-8166A9BAB597}
	EndGlobalSection
EndGlobal
